
Microsoft Visual Studio Solution File, Format Version 12.00
# Visual Studio 15
VisualStudioVersion = 15.0.28307.757
MinimumVisualStudioVersion = 10.0.40219.1
Project("{FAE04EC0-301F-11D3-BF4B-00C04F79EFBC}") = "01ReverseArray", "..\01ReverseArray\01ReverseArray.csproj", "{0463BEEB-CF6E-461E-91F4-C95B0435C3A0}"
EndProject
Project("{FAE04EC0-301F-11D3-BF4B-00C04F79EFBC}") = "01ReverseArrayNew", "01ReverseArrayNew\01ReverseArrayNew.csproj", "{3FF27716-9ECB-43F2-B05A-2920A06D387A}"
EndProject
Global
	GlobalSection(SolutionConfigurationPlatforms) = preSolution
		Debug|Any CPU = Debug|Any CPU
		Release|Any CPU = Release|Any CPU
	EndGlobalSection
	GlobalSection(ProjectConfigurationPlatforms) = postSolution
		{0463BEEB-CF6E-461E-91F4-C95B0435C3A0}.Debug|Any CPU.ActiveCfg = Debug|Any CPU
		{0463BEEB-CF6E-461E-91F4-C95B0435C3A0}.Debug|Any CPU.Build.0 = Debug|Any CPU
		{0463BEEB-CF6E-461E-91F4-C95B0435C3A0}.Release|Any CPU.ActiveCfg = Release|Any CPU
		{0463BEEB-CF6E-461E-91F4-C95B0435C3A0}.Release|Any CPU.Build.0 = Release|Any CPU
		{3FF27716-9ECB-43F2-B05A-2920A06D387A}.Debug|Any CPU.ActiveCfg = Debug|Any CPU
		{3FF27716-9ECB-43F2-B05A-2920A06D387A}.Debug|Any CPU.Build.0 = Debug|Any CPU
		{3FF27716-9ECB-43F2-B05A-2920A06D387A}.Release|Any CPU.ActiveCfg = Release|Any CPU
		{3FF27716-9ECB-43F2-B05A-2920A06D387A}.Release|Any CPU.Build.0 = Release|Any CPU
	EndGlobalSection
	GlobalSection(SolutionProperties) = preSolution
		HideSolutionNode = FALSE
	EndGlobalSection
	GlobalSection(ExtensibilityGlobals) = postSolution
		SolutionGuid = {B1BBF840-D044-49DD-A037-11F9566ADBF5}
	EndGlobalSection
EndGlobal
